PODS:
  - IdensicMobileSDK (1.0.0):
    - IdensicMobileSDK/Default (= 1.0.0)
  - IdensicMobileSDK/Core (1.0.0)
  - IdensicMobileSDK/Default (1.0.0):
    - IdensicMobileSDK/Core
    - IdensicMobileSDK/Liveness3D
  - IdensicMobileSDK/Liveness3D (1.0.0):
    - IdensicMobileSDK/Core
    - ZoomAuthSDK (= 8.6.0)
  - SnapKit (4.2.0)
  - ZoomAuthSDK (8.6.0)

DEPENDENCIES:
  - IdensicMobileSDK
  - SnapKit

SPEC REPOS:
  https://github.com/SumSubstance/Specs.git:
    - IdensicMobileSDK
    - ZoomAuthSDK
  trunk:
    - SnapKit

SPEC CHECKSUMS:
  IdensicMobileSDK: 0ac7ffab8a84c4338f5ea9d7ca97cf3f5727ee45
  SnapKit: fe8a619752f3f27075cc9a90244d75c6c3f27e2a
  ZoomAuthSDK: 7b1da0f1397f3fb1b16b62672c603f090d7f4e9c

PODFILE CHECKSUM: daecafc91fc52a917e4b5f614177fff7f33a0f09

COCOAPODS: 1.8.4
